
Microsoft Visual Studio Solution File, Format Version 12.00
# Visual Studio 14
VisualStudioVersion = 14.0.24720.0
MinimumVisualStudioVersion = 10.0.40219.1
Project("{2150E333-8FDC-42A3-9474-1A3956D46DE8}") = "Clients", "Clients", "{A879BD09-E7AD-4EC6-B135-DBEBE22F75A5}"
EndProject
Project("{2150E333-8FDC-42A3-9474-1A3956D46DE8}") = "Tests", "Tests", "{EC4C2EE2-D2D0-4AF7-B407-5B785C34D105}"
EndProject
Project("{2150E333-8FDC-42A3-9474-1A3956D46DE8}") = "Common", "Common", "{180AA624-70C0-4A86-8885-72F8B52BC374}"
EndProject
Project("{2150E333-8FDC-42A3-9474-1A3956D46DE8}") = "Generators", "Generators", "{0A60EB45-2084-4BA3-B0A8-FCF59056FF35}"
EndProject
Project("{2150E333-8FDC-42A3-9474-1A3956D46DE8}") = "Selectors", "Selectors", "{5C0E8072-E3F7-4EB3-9846-7100A1F2E630}"
EndProject
Project("{2150E333-8FDC-42A3-9474-1A3956D46DE8}") = "Mappers", "Mappers", "{24D67230-35E4-4B77-B42E-5FB12A5508BE}"
EndProject
Project("{2150E333-8FDC-42A3-9474-1A3956D46DE8}") = "Tables", "Tables", "{718DAB51-A4D6-486B-B8CE-2AE2D49E86B2}"
EndProject
Project("{2150E333-8FDC-42A3-9474-1A3956D46DE8}") = "Integration", "Integration", "{990DC1ED-702E-407B-85A8-EECEF1B8CF41}"
EndProject
Project("{2150E333-8FDC-42A3-9474-1A3956D46DE8}") = "Unit", "Unit", "{F1111C63-06E4-42EC-A325-E09C9CD56A48}"
EndProject
Project("{FAE04EC0-301F-11D3-BF4B-00C04F79EFBC}") = "EncounterGen.Tests.Integration.Bootstrap", "Tests\Integration\Bootstrap\EncounterGen.Tests.Integration.Bootstrap.csproj", "{18CAB703-F4C7-445E-8837-44061579D026}"
EndProject
Project("{FAE04EC0-301F-11D3-BF4B-00C04F79EFBC}") = "EncounterGen.Tests.Integration.Common", "Tests\Integration\Common\EncounterGen.Tests.Integration.Common.csproj", "{0846DFA2-2810-4DA1-8291-33878B7D8465}"
EndProject
Project("{FAE04EC0-301F-11D3-BF4B-00C04F79EFBC}") = "EncounterGen.Tests.Integration.Stress", "Tests\Integration\Stress\EncounterGen.Tests.Integration.Stress.csproj", "{72B2454E-A4F3-4C94-98FE-0D90AFD41384}"
EndProject
Project("{FAE04EC0-301F-11D3-BF4B-00C04F79EFBC}") = "EncounterGen.Tests.Unit.Common", "Tests\Unit\Common\EncounterGen.Tests.Unit.Common.csproj", "{BBC2F9E3-6A43-4630-A436-D86B8F138E78}"
EndProject
Project("{FAE04EC0-301F-11D3-BF4B-00C04F79EFBC}") = "EncounterGen.Tests.Unit.Generators", "Tests\Unit\Generators\EncounterGen.Tests.Unit.Generators.csproj", "{8297F9CB-BC95-43AF-9BA4-01970BD984FF}"
EndProject
Project("{FAE04EC0-301F-11D3-BF4B-00C04F79EFBC}") = "EncounterGen.Tests.Unit.Mappers", "Tests\Unit\Mappers\EncounterGen.Tests.Unit.Mappers.csproj", "{F7A2A744-3A8F-416D-9758-9717C8E91E97}"
EndProject
Project("{FAE04EC0-301F-11D3-BF4B-00C04F79EFBC}") = "EncounterGen.Tests.Unit.Selectors", "Tests\Unit\Selectors\EncounterGen.Tests.Unit.Selectors.csproj", "{E8DFFCFC-2216-42E8-9567-D39257C6BDF2}"
EndProject
Project("{FAE04EC0-301F-11D3-BF4B-00C04F79EFBC}") = "EncounterGen.Tests.Unit.Tables", "Tests\Unit\Tables\EncounterGen.Tests.Unit.Tables.csproj", "{BA715628-4C5B-4BC3-9F65-6E768FE7F51E}"
EndProject
Project("{FAE04EC0-301F-11D3-BF4B-00C04F79EFBC}") = "EncounterGen.Common", "Common\EncounterGen.Common.csproj", "{66F5BDD5-EBCA-4ACF-8C00-7F7DAAF8D6C2}"
EndProject
Project("{FAE04EC0-301F-11D3-BF4B-00C04F79EFBC}") = "EncounterGen.Generators", "Generators\Contracts\EncounterGen.Generators.csproj", "{F91EB325-49B6-4E6F-9DBB-C4A7A3E8B524}"
EndProject
Project("{FAE04EC0-301F-11D3-BF4B-00C04F79EFBC}") = "EncounterGen.Generators.Domain", "Generators\Domain\EncounterGen.Generators.Domain.csproj", "{1D36691C-3F42-46AB-B365-F823EBB8006A}"
EndProject
Project("{FAE04EC0-301F-11D3-BF4B-00C04F79EFBC}") = "EncounterGen.Selectors", "Selectors\Contracts\EncounterGen.Selectors.csproj", "{D2272E70-0AF8-415E-A6F7-D72C67902244}"
EndProject
Project("{FAE04EC0-301F-11D3-BF4B-00C04F79EFBC}") = "EncounterGen.Selectors.Domain", "Selectors\Domain\EncounterGen.Selectors.Domain.csproj", "{96203CD5-5EEA-46FD-B141-8C525699D6FD}"
EndProject
Project("{FAE04EC0-301F-11D3-BF4B-00C04F79EFBC}") = "EncounterGen.Mappers", "Mappers\Contracts\EncounterGen.Mappers.csproj", "{39D36637-3AE1-402C-B4D4-1AA44F3F7B21}"
EndProject
Project("{FAE04EC0-301F-11D3-BF4B-00C04F79EFBC}") = "EncounterGen.Mappers.Domain", "Mappers\Domain\EncounterGen.Mappers.Domain.csproj", "{A86EB251-2DDB-4F95-9652-14DAF49A4C7C}"
EndProject
Project("{FAE04EC0-301F-11D3-BF4B-00C04F79EFBC}") = "EncounterGen.Tables", "Tables\Contracts\EncounterGen.Tables.csproj", "{8C3E09B5-5D92-43BE-99FC-55D833E6FDCC}"
EndProject
Project("{FAE04EC0-301F-11D3-BF4B-00C04F79EFBC}") = "EncounterGen.Tables.Domain", "Tables\Domain\EncounterGen.Tables.Domain.csproj", "{73602477-C45F-458C-BD64-DDF496F491E0}"
EndProject
Project("{FAE04EC0-301F-11D3-BF4B-00C04F79EFBC}") = "EncounterGen.Bootstrap", "Bootstrap\EncounterGen.Bootstrap.csproj", "{2BD2A4E9-5CC8-4202-A0CC-79D846433B29}"
EndProject
Project("{FAE04EC0-301F-11D3-BF4B-00C04F79EFBC}") = "EncounterGen.Tests.Integration.Tables", "Tests\Integration\Tables\EncounterGen.Tests.Integration.Tables.csproj", "{A2450D95-C7C7-455F-A459-9252ADBAC265}"
EndProject
Global
	GlobalSection(SolutionConfigurationPlatforms) = preSolution
		Debug|Any CPU = Debug|Any CPU
		Release|Any CPU = Release|Any CPU
		Stress|Any CPU = Stress|Any CPU
	EndGlobalSection
	GlobalSection(ProjectConfigurationPlatforms) = postSolution
		{18CAB703-F4C7-445E-8837-44061579D026}.Debug|Any CPU.ActiveCfg = Debug|Any CPU
		{18CAB703-F4C7-445E-8837-44061579D026}.Debug|Any CPU.Build.0 = Debug|Any CPU
		{18CAB703-F4C7-445E-8837-44061579D026}.Release|Any CPU.ActiveCfg = Release|Any CPU
		{18CAB703-F4C7-445E-8837-44061579D026}.Release|Any CPU.Build.0 = Release|Any CPU
		{18CAB703-F4C7-445E-8837-44061579D026}.Stress|Any CPU.ActiveCfg = Stress|Any CPU
		{18CAB703-F4C7-445E-8837-44061579D026}.Stress|Any CPU.Build.0 = Stress|Any CPU
		{0846DFA2-2810-4DA1-8291-33878B7D8465}.Debug|Any CPU.ActiveCfg = Debug|Any CPU
		{0846DFA2-2810-4DA1-8291-33878B7D8465}.Debug|Any CPU.Build.0 = Debug|Any CPU
		{0846DFA2-2810-4DA1-8291-33878B7D8465}.Release|Any CPU.ActiveCfg = Release|Any CPU
		{0846DFA2-2810-4DA1-8291-33878B7D8465}.Release|Any CPU.Build.0 = Release|Any CPU
		{0846DFA2-2810-4DA1-8291-33878B7D8465}.Stress|Any CPU.ActiveCfg = Stress|Any CPU
		{0846DFA2-2810-4DA1-8291-33878B7D8465}.Stress|Any CPU.Build.0 = Stress|Any CPU
		{72B2454E-A4F3-4C94-98FE-0D90AFD41384}.Debug|Any CPU.ActiveCfg = Debug|Any CPU
		{72B2454E-A4F3-4C94-98FE-0D90AFD41384}.Debug|Any CPU.Build.0 = Debug|Any CPU
		{72B2454E-A4F3-4C94-98FE-0D90AFD41384}.Release|Any CPU.ActiveCfg = Release|Any CPU
		{72B2454E-A4F3-4C94-98FE-0D90AFD41384}.Release|Any CPU.Build.0 = Release|Any CPU
		{72B2454E-A4F3-4C94-98FE-0D90AFD41384}.Stress|Any CPU.ActiveCfg = Stress|Any CPU
		{72B2454E-A4F3-4C94-98FE-0D90AFD41384}.Stress|Any CPU.Build.0 = Stress|Any CPU
		{BBC2F9E3-6A43-4630-A436-D86B8F138E78}.Debug|Any CPU.ActiveCfg = Debug|Any CPU
		{BBC2F9E3-6A43-4630-A436-D86B8F138E78}.Debug|Any CPU.Build.0 = Debug|Any CPU
		{BBC2F9E3-6A43-4630-A436-D86B8F138E78}.Release|Any CPU.ActiveCfg = Release|Any CPU
		{BBC2F9E3-6A43-4630-A436-D86B8F138E78}.Release|Any CPU.Build.0 = Release|Any CPU
		{BBC2F9E3-6A43-4630-A436-D86B8F138E78}.Stress|Any CPU.ActiveCfg = Stress|Any CPU
		{BBC2F9E3-6A43-4630-A436-D86B8F138E78}.Stress|Any CPU.Build.0 = Stress|Any CPU
		{8297F9CB-BC95-43AF-9BA4-01970BD984FF}.Debug|Any CPU.ActiveCfg = Debug|Any CPU
		{8297F9CB-BC95-43AF-9BA4-01970BD984FF}.Debug|Any CPU.Build.0 = Debug|Any CPU
		{8297F9CB-BC95-43AF-9BA4-01970BD984FF}.Release|Any CPU.ActiveCfg = Release|Any CPU
		{8297F9CB-BC95-43AF-9BA4-01970BD984FF}.Release|Any CPU.Build.0 = Release|Any CPU
		{8297F9CB-BC95-43AF-9BA4-01970BD984FF}.Stress|Any CPU.ActiveCfg = Stress|Any CPU
		{8297F9CB-BC95-43AF-9BA4-01970BD984FF}.Stress|Any CPU.Build.0 = Stress|Any CPU
		{F7A2A744-3A8F-416D-9758-9717C8E91E97}.Debug|Any CPU.ActiveCfg = Debug|Any CPU
		{F7A2A744-3A8F-416D-9758-9717C8E91E97}.Debug|Any CPU.Build.0 = Debug|Any CPU
		{F7A2A744-3A8F-416D-9758-9717C8E91E97}.Release|Any CPU.ActiveCfg = Release|Any CPU
		{F7A2A744-3A8F-416D-9758-9717C8E91E97}.Release|Any CPU.Build.0 = Release|Any CPU
		{F7A2A744-3A8F-416D-9758-9717C8E91E97}.Stress|Any CPU.ActiveCfg = Stress|Any CPU
		{F7A2A744-3A8F-416D-9758-9717C8E91E97}.Stress|Any CPU.Build.0 = Stress|Any CPU
		{E8DFFCFC-2216-42E8-9567-D39257C6BDF2}.Debug|Any CPU.ActiveCfg = Debug|Any CPU
		{E8DFFCFC-2216-42E8-9567-D39257C6BDF2}.Debug|Any CPU.Build.0 = Debug|Any CPU
		{E8DFFCFC-2216-42E8-9567-D39257C6BDF2}.Release|Any CPU.ActiveCfg = Release|Any CPU
		{E8DFFCFC-2216-42E8-9567-D39257C6BDF2}.Release|Any CPU.Build.0 = Release|Any CPU
		{E8DFFCFC-2216-42E8-9567-D39257C6BDF2}.Stress|Any CPU.ActiveCfg = Stress|Any CPU
		{E8DFFCFC-2216-42E8-9567-D39257C6BDF2}.Stress|Any CPU.Build.0 = Stress|Any CPU
		{BA715628-4C5B-4BC3-9F65-6E768FE7F51E}.Debug|Any CPU.ActiveCfg = Debug|Any CPU
		{BA715628-4C5B-4BC3-9F65-6E768FE7F51E}.Debug|Any CPU.Build.0 = Debug|Any CPU
		{BA715628-4C5B-4BC3-9F65-6E768FE7F51E}.Release|Any CPU.ActiveCfg = Release|Any CPU
		{BA715628-4C5B-4BC3-9F65-6E768FE7F51E}.Release|Any CPU.Build.0 = Release|Any CPU
		{BA715628-4C5B-4BC3-9F65-6E768FE7F51E}.Stress|Any CPU.ActiveCfg = Stress|Any CPU
		{BA715628-4C5B-4BC3-9F65-6E768FE7F51E}.Stress|Any CPU.Build.0 = Stress|Any CPU
		{66F5BDD5-EBCA-4ACF-8C00-7F7DAAF8D6C2}.Debug|Any CPU.ActiveCfg = Debug|Any CPU
		{66F5BDD5-EBCA-4ACF-8C00-7F7DAAF8D6C2}.Debug|Any CPU.Build.0 = Debug|Any CPU
		{66F5BDD5-EBCA-4ACF-8C00-7F7DAAF8D6C2}.Release|Any CPU.ActiveCfg = Release|Any CPU
		{66F5BDD5-EBCA-4ACF-8C00-7F7DAAF8D6C2}.Release|Any CPU.Build.0 = Release|Any CPU
		{66F5BDD5-EBCA-4ACF-8C00-7F7DAAF8D6C2}.Stress|Any CPU.ActiveCfg = Stress|Any CPU
		{66F5BDD5-EBCA-4ACF-8C00-7F7DAAF8D6C2}.Stress|Any CPU.Build.0 = Stress|Any CPU
		{F91EB325-49B6-4E6F-9DBB-C4A7A3E8B524}.Debug|Any CPU.ActiveCfg = Debug|Any CPU
		{F91EB325-49B6-4E6F-9DBB-C4A7A3E8B524}.Debug|Any CPU.Build.0 = Debug|Any CPU
		{F91EB325-49B6-4E6F-9DBB-C4A7A3E8B524}.Release|Any CPU.ActiveCfg = Release|Any CPU
		{F91EB325-49B6-4E6F-9DBB-C4A7A3E8B524}.Release|Any CPU.Build.0 = Release|Any CPU
		{F91EB325-49B6-4E6F-9DBB-C4A7A3E8B524}.Stress|Any CPU.ActiveCfg = Stress|Any CPU
		{F91EB325-49B6-4E6F-9DBB-C4A7A3E8B524}.Stress|Any CPU.Build.0 = Stress|Any CPU
		{1D36691C-3F42-46AB-B365-F823EBB8006A}.Debug|Any CPU.ActiveCfg = Debug|Any CPU
		{1D36691C-3F42-46AB-B365-F823EBB8006A}.Debug|Any CPU.Build.0 = Debug|Any CPU
		{1D36691C-3F42-46AB-B365-F823EBB8006A}.Release|Any CPU.ActiveCfg = Release|Any CPU
		{1D36691C-3F42-46AB-B365-F823EBB8006A}.Release|Any CPU.Build.0 = Release|Any CPU
		{1D36691C-3F42-46AB-B365-F823EBB8006A}.Stress|Any CPU.ActiveCfg = Stress|Any CPU
		{1D36691C-3F42-46AB-B365-F823EBB8006A}.Stress|Any CPU.Build.0 = Stress|Any CPU
		{D2272E70-0AF8-415E-A6F7-D72C67902244}.Debug|Any CPU.ActiveCfg = Debug|Any CPU
		{D2272E70-0AF8-415E-A6F7-D72C67902244}.Debug|Any CPU.Build.0 = Debug|Any CPU
		{D2272E70-0AF8-415E-A6F7-D72C67902244}.Release|Any CPU.ActiveCfg = Release|Any CPU
		{D2272E70-0AF8-415E-A6F7-D72C67902244}.Release|Any CPU.Build.0 = Release|Any CPU
		{D2272E70-0AF8-415E-A6F7-D72C67902244}.Stress|Any CPU.ActiveCfg = Stress|Any CPU
		{D2272E70-0AF8-415E-A6F7-D72C67902244}.Stress|Any CPU.Build.0 = Stress|Any CPU
		{96203CD5-5EEA-46FD-B141-8C525699D6FD}.Debug|Any CPU.ActiveCfg = Debug|Any CPU
		{96203CD5-5EEA-46FD-B141-8C525699D6FD}.Debug|Any CPU.Build.0 = Debug|Any CPU
		{96203CD5-5EEA-46FD-B141-8C525699D6FD}.Release|Any CPU.ActiveCfg = Release|Any CPU
		{96203CD5-5EEA-46FD-B141-8C525699D6FD}.Release|Any CPU.Build.0 = Release|Any CPU
		{96203CD5-5EEA-46FD-B141-8C525699D6FD}.Stress|Any CPU.ActiveCfg = Stress|Any CPU
		{96203CD5-5EEA-46FD-B141-8C525699D6FD}.Stress|Any CPU.Build.0 = Stress|Any CPU
		{39D36637-3AE1-402C-B4D4-1AA44F3F7B21}.Debug|Any CPU.ActiveCfg = Debug|Any CPU
		{39D36637-3AE1-402C-B4D4-1AA44F3F7B21}.Debug|Any CPU.Build.0 = Debug|Any CPU
		{39D36637-3AE1-402C-B4D4-1AA44F3F7B21}.Release|Any CPU.ActiveCfg = Release|Any CPU
		{39D36637-3AE1-402C-B4D4-1AA44F3F7B21}.Release|Any CPU.Build.0 = Release|Any CPU
		{39D36637-3AE1-402C-B4D4-1AA44F3F7B21}.Stress|Any CPU.ActiveCfg = Stress|Any CPU
		{39D36637-3AE1-402C-B4D4-1AA44F3F7B21}.Stress|Any CPU.Build.0 = Stress|Any CPU
		{A86EB251-2DDB-4F95-9652-14DAF49A4C7C}.Debug|Any CPU.ActiveCfg = Debug|Any CPU
		{A86EB251-2DDB-4F95-9652-14DAF49A4C7C}.Debug|Any CPU.Build.0 = Debug|Any CPU
		{A86EB251-2DDB-4F95-9652-14DAF49A4C7C}.Release|Any CPU.ActiveCfg = Release|Any CPU
		{A86EB251-2DDB-4F95-9652-14DAF49A4C7C}.Release|Any CPU.Build.0 = Release|Any CPU
		{A86EB251-2DDB-4F95-9652-14DAF49A4C7C}.Stress|Any CPU.ActiveCfg = Stress|Any CPU
		{A86EB251-2DDB-4F95-9652-14DAF49A4C7C}.Stress|Any CPU.Build.0 = Stress|Any CPU
		{8C3E09B5-5D92-43BE-99FC-55D833E6FDCC}.Debug|Any CPU.ActiveCfg = Debug|Any CPU
		{8C3E09B5-5D92-43BE-99FC-55D833E6FDCC}.Debug|Any CPU.Build.0 = Debug|Any CPU
		{8C3E09B5-5D92-43BE-99FC-55D833E6FDCC}.Release|Any CPU.ActiveCfg = Release|Any CPU
		{8C3E09B5-5D92-43BE-99FC-55D833E6FDCC}.Release|Any CPU.Build.0 = Release|Any CPU
		{8C3E09B5-5D92-43BE-99FC-55D833E6FDCC}.Stress|Any CPU.ActiveCfg = Stress|Any CPU
		{8C3E09B5-5D92-43BE-99FC-55D833E6FDCC}.Stress|Any CPU.Build.0 = Stress|Any CPU
		{73602477-C45F-458C-BD64-DDF496F491E0}.Debug|Any CPU.ActiveCfg = Debug|Any CPU
		{73602477-C45F-458C-BD64-DDF496F491E0}.Debug|Any CPU.Build.0 = Debug|Any CPU
		{73602477-C45F-458C-BD64-DDF496F491E0}.Release|Any CPU.ActiveCfg = Release|Any CPU
		{73602477-C45F-458C-BD64-DDF496F491E0}.Release|Any CPU.Build.0 = Release|Any CPU
		{73602477-C45F-458C-BD64-DDF496F491E0}.Stress|Any CPU.ActiveCfg = Stress|Any CPU
		{73602477-C45F-458C-BD64-DDF496F491E0}.Stress|Any CPU.Build.0 = Stress|Any CPU
		{2BD2A4E9-5CC8-4202-A0CC-79D846433B29}.Debug|Any CPU.ActiveCfg = Debug|Any CPU
		{2BD2A4E9-5CC8-4202-A0CC-79D846433B29}.Debug|Any CPU.Build.0 = Debug|Any CPU
		{2BD2A4E9-5CC8-4202-A0CC-79D846433B29}.Release|Any CPU.ActiveCfg = Release|Any CPU
		{2BD2A4E9-5CC8-4202-A0CC-79D846433B29}.Release|Any CPU.Build.0 = Release|Any CPU
		{2BD2A4E9-5CC8-4202-A0CC-79D846433B29}.Stress|Any CPU.ActiveCfg = Stress|Any CPU
		{2BD2A4E9-5CC8-4202-A0CC-79D846433B29}.Stress|Any CPU.Build.0 = Stress|Any CPU
		{A2450D95-C7C7-455F-A459-9252ADBAC265}.Debug|Any CPU.ActiveCfg = Debug|Any CPU
		{A2450D95-C7C7-455F-A459-9252ADBAC265}.Debug|Any CPU.Build.0 = Debug|Any CPU
		{A2450D95-C7C7-455F-A459-9252ADBAC265}.Release|Any CPU.ActiveCfg = Release|Any CPU
		{A2450D95-C7C7-455F-A459-9252ADBAC265}.Release|Any CPU.Build.0 = Release|Any CPU
		{A2450D95-C7C7-455F-A459-9252ADBAC265}.Stress|Any CPU.ActiveCfg = Stress|Any CPU
		{A2450D95-C7C7-455F-A459-9252ADBAC265}.Stress|Any CPU.Build.0 = Stress|Any CPU
	EndGlobalSection
	GlobalSection(SolutionProperties) = preSolution
		HideSolutionNode = FALSE
	EndGlobalSection
	GlobalSection(NestedProjects) = preSolution
		{990DC1ED-702E-407B-85A8-EECEF1B8CF41} = {EC4C2EE2-D2D0-4AF7-B407-5B785C34D105}
		{F1111C63-06E4-42EC-A325-E09C9CD56A48} = {EC4C2EE2-D2D0-4AF7-B407-5B785C34D105}
		{18CAB703-F4C7-445E-8837-44061579D026} = {990DC1ED-702E-407B-85A8-EECEF1B8CF41}
		{0846DFA2-2810-4DA1-8291-33878B7D8465} = {990DC1ED-702E-407B-85A8-EECEF1B8CF41}
		{72B2454E-A4F3-4C94-98FE-0D90AFD41384} = {990DC1ED-702E-407B-85A8-EECEF1B8CF41}
		{BBC2F9E3-6A43-4630-A436-D86B8F138E78} = {F1111C63-06E4-42EC-A325-E09C9CD56A48}
		{8297F9CB-BC95-43AF-9BA4-01970BD984FF} = {F1111C63-06E4-42EC-A325-E09C9CD56A48}
		{F7A2A744-3A8F-416D-9758-9717C8E91E97} = {F1111C63-06E4-42EC-A325-E09C9CD56A48}
		{E8DFFCFC-2216-42E8-9567-D39257C6BDF2} = {F1111C63-06E4-42EC-A325-E09C9CD56A48}
		{BA715628-4C5B-4BC3-9F65-6E768FE7F51E} = {F1111C63-06E4-42EC-A325-E09C9CD56A48}
		{66F5BDD5-EBCA-4ACF-8C00-7F7DAAF8D6C2} = {180AA624-70C0-4A86-8885-72F8B52BC374}
		{F91EB325-49B6-4E6F-9DBB-C4A7A3E8B524} = {0A60EB45-2084-4BA3-B0A8-FCF59056FF35}
		{1D36691C-3F42-46AB-B365-F823EBB8006A} = {0A60EB45-2084-4BA3-B0A8-FCF59056FF35}
		{D2272E70-0AF8-415E-A6F7-D72C67902244} = {5C0E8072-E3F7-4EB3-9846-7100A1F2E630}
		{96203CD5-5EEA-46FD-B141-8C525699D6FD} = {5C0E8072-E3F7-4EB3-9846-7100A1F2E630}
		{39D36637-3AE1-402C-B4D4-1AA44F3F7B21} = {24D67230-35E4-4B77-B42E-5FB12A5508BE}
		{A86EB251-2DDB-4F95-9652-14DAF49A4C7C} = {24D67230-35E4-4B77-B42E-5FB12A5508BE}
		{8C3E09B5-5D92-43BE-99FC-55D833E6FDCC} = {718DAB51-A4D6-486B-B8CE-2AE2D49E86B2}
		{73602477-C45F-458C-BD64-DDF496F491E0} = {718DAB51-A4D6-486B-B8CE-2AE2D49E86B2}
		{2BD2A4E9-5CC8-4202-A0CC-79D846433B29} = {A879BD09-E7AD-4EC6-B135-DBEBE22F75A5}
		{A2450D95-C7C7-455F-A459-9252ADBAC265} = {990DC1ED-702E-407B-85A8-EECEF1B8CF41}
	EndGlobalSection
EndGlobal
